
Microsoft Visual Studio Solution File, Format Version 12.00
# Visual Studio Version 16
VisualStudioVersion = 16.0.30320.27
MinimumVisualStudioVersion = 10.0.40219.1
Project("{FAE04EC0-301F-11D3-BF4B-00C04F79EFBC}") = "Variables", "Variables\Variables.csproj", "{1F890B08-9297-4FCB-A5CE-A08252474363}"
EndProject
Global
	GlobalSection(SolutionConfigurationPlatforms) = preSolution
		Debug|Any CPU = Debug|Any CPU
		Release|Any CPU = Release|Any CPU
	EndGlobalSection
	GlobalSection(ProjectConfigurationPlatforms) = postSolution
		{1F890B08-9297-4FCB-A5CE-A08252474363}.Debug|Any CPU.ActiveCfg = Debug|Any CPU
		{1F890B08-9297-4FCB-A5CE-A08252474363}.Debug|Any CPU.Build.0 = Debug|Any CPU
		{1F890B08-9297-4FCB-A5CE-A08252474363}.Release|Any CPU.ActiveCfg = Release|Any CPU
		{1F890B08-9297-4FCB-A5CE-A08252474363}.Release|Any CPU.Build.0 = Release|Any CPU
	EndGlobalSection
	GlobalSection(SolutionProperties) = preSolution
		HideSolutionNode = FALSE
	EndGlobalSection
	GlobalSection(ExtensibilityGlobals) = postSolution
		SolutionGuid = {6D4CD2AE-C63A-4909-AFEB-B812D0AA5835}
	EndGlobalSection
EndGlobal
